lockfileVersion: '9.0'

settings:
  autoInstallPeers: true
  excludeLinksFromLockfile: false

importers:

  .:
    dependencies:
      decimal.js:
        specifier: ^10.5.0
        version: 10.5.0
      jsonata:
        specifier: ^2.0.6
        version: 2.0.6

packages:

  decimal.js@10.5.0:
    resolution: {integrity: sha512-8vDa8Qxvr/+d94hSh5P3IJwI5t8/c0KsMp+g8bNw9cY2icONa5aPfvKeieW1WlG0WQYwwhJ7mjui2xtiePQSXw==}

  jsonata@2.0.6:
    resolution: {integrity: sha512-WhQB5tXQ32qjkx2GYHFw2XbL90u+LLzjofAYwi+86g6SyZeXHz9F1Q0amy3dWRYczshOC3Haok9J4pOCgHtwyQ==}
    engines: {node: '>= 8'}

snapshots:

  decimal.js@10.5.0: {}

  jsonata@2.0.6: {}
